<?xml version="1.0" encoding="utf-8"?>
<Project ToolsVersion="4.0" xmlns:atg="http://atg.xbox.com" xmlns="http://schemas.microsoft.com/developer/msbuild/2003">
  <ItemGroup>
    <Filter Include="Resource Files">
      <UniqueIdentifier>{8e114980-c1a3-4ada-ad7c-83caadf5daeb}</UniqueIdentifier>
      <Extensions>rc;ico;cur;bmp;dlg;rc2;rct;bin;rgs;gif;jpg;jpeg;jpe</Extensions>
    </Filter>
    <Filter Include="Shaders">
      <UniqueIdentifier>{2c3d4c8c-5d1a-459a-a05a-a4e4b608a44e}</UniqueIdentifier>
      <Extensions>fx;fxh;hlsl</Extensions>
    </Filter>
    <Filter Include="SPH">
      <UniqueIdentifier>{b0fb3b64-e40e-4682-9652-9c4611ed7e91}</UniqueIdentifier>
    </Filter>
    <Filter Include="DynamicObjLoader">
      <UniqueIdentifier>{342033f3-e37d-42b6-bcdd-cb5cbf349093}</UniqueIdentifier>
    </Filter>
  </ItemGroup>
  <ItemGroup>
    <ClCompile Include="tasksys.cpp" />
    <ClCompile Include="ispcSPH.cpp" />
    <ClCompile Include="..\SPH_types.cpp">
      <Filter>SPH</Filter>
    </ClCompile>
    <ClCompile Include="DynamicObjLoader\DynamicObjLoader.cpp">
      <Filter>DynamicObjLoader</Filter>
    </ClCompile>
    <ClCompile Include="..\SPH_dol.cpp">
      <Filter>SPH</Filter>
    </ClCompile>
    <ClCompile Include="collision.cpp" />
  </ItemGroup>
  <ItemGroup>
    <None Include="Tutorial07.fx">
      <Filter>Shaders</Filter>
    </None>
  </ItemGroup>
  <ItemGroup>
    <CLInclude Include="resource.h">
      <Filter>Resource Files</Filter>
    </CLInclude>
    <ClInclude Include="..\ispc_vectormath.h">
      <Filter>SPH</Filter>
    </ClInclude>
    <ClInclude Include="..\SoA.h">
      <Filter>SPH</Filter>
    </ClInclude>
    <ClInclude Include="..\SPH_const.h">
      <Filter>SPH</Filter>
    </ClInclude>
    <ClInclude Include="..\SPH_types.h">
      <Filter>SPH</Filter>
    </ClInclude>
    <ClInclude Include="..\SPH_collision.h">
      <Filter>SPH</Filter>
    </ClInclude>
    <ClInclude Include="DynamicObjLoader\DynamicObjLoader.h">
      <Filter>DynamicObjLoader</Filter>
    </ClInclude>
  </ItemGroup>
  <ItemGroup>
    <ResourceCompile Include="ispcSPH.rc">
      <Filter>Resource Files</Filter>
    </ResourceCompile>
  </ItemGroup>
  <ItemGroup>
    <CustomBuild Include="..\SPH_core.ispc">
      <Filter>SPH</Filter>
    </CustomBuild>
  </ItemGroup>
</Project>